// !$*UTF8*$!
{
	archiveVersion = 1;
	classes = {
	};
	objectVersion = 46;
	objects = {

/* Begin PBXBuildFile section */
		E2A6A6BE1B4481EB00F3BEA8 /* AppDelegate.swift in Sources */ = {isa = PBXBuildFile; fileRef = E2A6A6BD1B4481EB00F3BEA8 /* AppDelegate.swift */; };
		E2A6A6C11B4481EB00F3BEA8 /* Notenbuch.xcdatamodeld in Sources */ = {isa = PBXBuildFile; fileRef = E2A6A6BF1B4481EB00F3BEA8 /* Notenbuch.xcdatamodeld */; };
		E2A6A6C31B4481EB00F3BEA8 /* ViewController.swift in Sources */ = {isa = PBXBuildFile; fileRef = E2A6A6C21B4481EB00F3BEA8 /* ViewController.swift */; };
		E2A6A6C81B4481EB00F3BEA8 /* Images.xcassets in Resources */ = {isa = PBXBuildFile; fileRef = E2A6A6C71B4481EB00F3BEA8 /* Images.xcassets */; };
		E2A6A6CB1B4481EB00F3BEA8 /* LaunchScreen.xib in Resources */ = {isa = PBXBuildFile; fileRef = E2A6A6C91B4481EB00F3BEA8 /* LaunchScreen.xib */; };
		E2A6A6D71B4481EB00F3BEA8 /* NotenbuchTests.swift in Sources */ = {isa = PBXBuildFile; fileRef = E2A6A6D61B4481EB00F3BEA8 /* NotenbuchTests.swift */; };
		E2A6A6E51B455AB700F3BEA8 /* Extension.swift in Sources */ = {isa = PBXBuildFile; fileRef = E2A6A6E41B455AB700F3BEA8 /* Extension.swift */; };
		E2A6A6E71B46ABF200F3BEA8 /* CalculateTVC.swift in Sources */ = {isa = PBXBuildFile; fileRef = E2A6A6E61B46ABF200F3BEA8 /* CalculateTVC.swift */; };
		E2A6A6F31B46E87200F3BEA8 /* Main.storyboard in Resources */ = {isa = PBXBuildFile; fileRef = E2A6A6F21B46E87200F3BEA8 /* Main.storyboard */; };
		E2A6A6F51B46E8A600F3BEA8 /* notenUbersicht.swift in Sources */ = {isa = PBXBuildFile; fileRef = E2A6A6F41B46E8A600F3BEA8 /* notenUbersicht.swift */; };
		E2A6A6F81B480C0100F3BEA8 /* historyCalculateTVC.swift in Sources */ = {isa = PBXBuildFile; fileRef = E2A6A6F71B480C0100F3BEA8 /* historyCalculateTVC.swift */; };
		E2A6A6FA1B480CEB00F3BEA8 /* KleineFunktionen.swift in Sources */ = {isa = PBXBuildFile; fileRef = E2A6A6F91B480CEB00F3BEA8 /* KleineFunktionen.swift */; };
/* End PBXBuildFile section */

/* Begin PBXContainerItemProxy section */
		E2A6A6D11B4481EB00F3BEA8 /* PBXContainerItemProxy */ = {
			isa = PBXContainerItemProxy;
			containerPortal = E2A6A6B01B4481EB00F3BEA8 /* Project object */;
			proxyType = 1;
			remoteGlobalIDString = E2A6A6B71B4481EB00F3BEA8;
			remoteInfo = Notenbuch;
		};
/* End PBXContainerItemProxy section */

/* Begin PBXFileReference section */
		E2A6A6B81B4481EB00F3BEA8 /* Notenbuch.app */ = {isa = PBXFileReference; explicitFileType = wrapper.application; includeInIndex = 0; path = Notenbuch.app; sourceTree = BUILT_PRODUCTS_DIR; };
		E2A6A6BC1B4481EB00F3BEA8 /* Info.plist */ = {isa = PBXFileReference; lastKnownFileType = text.plist.xml; path = Info.plist; sourceTree = "<group>"; };
		E2A6A6BD1B4481EB00F3BEA8 /* AppDelegate.swift */ = {isa = PBXFileReference; lastKnownFileType = sourcecode.swift; path = AppDelegate.swift; sourceTree = "<group>"; };
		E2A6A6C01B4481EB00F3BEA8 /* Notenbuch.xcdatamodel */ = {isa = PBXFileReference; lastKnownFileType = wrapper.xcdatamodel; path = Notenbuch.xcdatamodel; sourceTree = "<group>"; };
		E2A6A6C21B4481EB00F3BEA8 /* ViewController.swift */ = {isa = PBXFileReference; lastKnownFileType = sourcecode.swift; path = ViewController.swift; sourceTree = "<group>"; };
		E2A6A6C71B4481EB00F3BEA8 /* Images.xcassets */ = {isa = PBXFileReference; lastKnownFileType = folder.assetcatalog; path = Images.xcassets; sourceTree = "<group>"; };
		E2A6A6CA1B4481EB00F3BEA8 /* Base */ = {isa = PBXFileReference; lastKnownFileType = file.xib; name = Base; path = Base.lproj/LaunchScreen.xib; sourceTree = "<group>"; };
		E2A6A6D01B4481EB00F3BEA8 /* NotenbuchTests.xctest */ = {isa = PBXFileReference; explicitFileType = wrapper.cfbundle; includeInIndex = 0; path = NotenbuchTests.xctest; sourceTree = BUILT_PRODUCTS_DIR; };
		E2A6A6D51B4481EB00F3BEA8 /* Info.plist */ = {isa = PBXFileReference; lastKnownFileType = text.plist.xml; path = Info.plist; sourceTree = "<group>"; };
		E2A6A6D61B4481EB00F3BEA8 /* NotenbuchTests.swift */ = {isa = PBXFileReference; lastKnownFileType = sourcecode.swift; path = NotenbuchTests.swift; sourceTree = "<group>"; };
		E2A6A6E41B455AB700F3BEA8 /* Extension.swift */ = {isa = PBXFileReference; fileEncoding = 4; lastKnownFileType = sourcecode.swift; path = Extension.swift; sourceTree = "<group>"; };
		E2A6A6E61B46ABF200F3BEA8 /* CalculateTVC.swift */ = {isa = PBXFileReference; fileEncoding = 4; lastKnownFileType = sourcecode.swift; path = CalculateTVC.swift; sourceTree = "<group>"; };
		E2A6A6F21B46E87200F3BEA8 /* Main.storyboard */ = {isa = PBXFileReference; fileEncoding = 4; lastKnownFileType = file.storyboard; path = Main.storyboard; sourceTree = "<group>"; };
		E2A6A6F41B46E8A600F3BEA8 /* notenUbersicht.swift */ = {isa = PBXFileReference; fileEncoding = 4; lastKnownFileType = sourcecode.swift; path = notenUbersicht.swift; sourceTree = "<group>"; };
		E2A6A6F61B4701B700F3BEA8 /* Versuche.playground */ = {isa = PBXFileReference; lastKnownFileType = file.playground; path = Versuche.playground; sourceTree = "<group>"; };
		E2A6A6F71B480C0100F3BEA8 /* historyCalculateTVC.swift */ = {isa = PBXFileReference; fileEncoding = 4; lastKnownFileType = sourcecode.swift; path = historyCalculateTVC.swift; sourceTree = "<group>"; };
		E2A6A6F91B480CEB00F3BEA8 /* KleineFunktionen.swift */ = {isa = PBXFileReference; fileEncoding = 4; lastKnownFileType = sourcecode.swift; path = KleineFunktionen.swift; sourceTree = "<group>"; };
/* End PBXFileReference section */

/* Begin PBXFrameworksBuildPhase section */
		E2A6A6B51B4481EB00F3BEA8 /* Frameworks */ = {
			isa = PBXFrameworksBuildPhase;
			buildActionMask = 2147483647;
			files = (
			);
			runOnlyForDeploymentPostprocessing = 0;
		};
		E2A6A6CD1B4481EB00F3BEA8 /* Frameworks */ = {
			isa = PBXFrameworksBuildPhase;
			buildActionMask = 2147483647;
			files = (
			);
			runOnlyForDeploymentPostprocessing = 0;
		};
/* End PBXFrameworksBuildPhase section */

/* Begin PBXGroup section */
		E2A6A6AF1B4481EB00F3BEA8 = {
			isa = PBXGroup;
			children = (
				E2A6A6BA1B4481EB00F3BEA8 /* Notenbuch */,
				E2A6A6D31B4481EB00F3BEA8 /* NotenbuchTests */,
				E2A6A6B91B4481EB00F3BEA8 /* Products */,
			);
			sourceTree = "<group>";
		};
		E2A6A6B91B4481EB00F3BEA8 /* Products */ = {
			isa = PBXGroup;
			children = (
				E2A6A6B81B4481EB00F3BEA8 /* Notenbuch.app */,
				E2A6A6D01B4481EB00F3BEA8 /* NotenbuchTests.xctest */,
			);
			name = Products;
			sourceTree = "<group>";
		};
		E2A6A6BA1B4481EB00F3BEA8 /* Notenbuch */ = {
			isa = PBXGroup;
			children = (
				E2A6A6BD1B4481EB00F3BEA8 /* AppDelegate.swift */,
				E2A6A6F21B46E87200F3BEA8 /* Main.storyboard */,
				E2A6A6C21B4481EB00F3BEA8 /* ViewController.swift */,
				E2A6A6E61B46ABF200F3BEA8 /* CalculateTVC.swift */,
				E2A6A6F91B480CEB00F3BEA8 /* KleineFunktionen.swift */,
				E2A6A6F41B46E8A600F3BEA8 /* notenUbersicht.swift */,
				E2A6A6F71B480C0100F3BEA8 /* historyCalculateTVC.swift */,
				E2A6A6E41B455AB700F3BEA8 /* Extension.swift */,
				E2A6A6F61B4701B700F3BEA8 /* Versuche.playground */,
				E2A6A6C71B4481EB00F3BEA8 /* Images.xcassets */,
				E2A6A6C91B4481EB00F3BEA8 /* LaunchScreen.xib */,
				E2A6A6BF1B4481EB00F3BEA8 /* Notenbuch.xcdatamodeld */,
				E2A6A6BB1B4481EB00F3BEA8 /* Supporting Files */,
			);
			path = Notenbuch;
			sourceTree = "<group>";
		};
		E2A6A6BB1B4481EB00F3BEA8 /* Supporting Files */ = {
			isa = PBXGroup;
			children = (
				E2A6A6BC1B4481EB00F3BEA8 /* Info.plist */,
			);
			name = "Supporting Files";
			sourceTree = "<group>";
		};
		E2A6A6D31B4481EB00F3BEA8 /* NotenbuchTests */ = {
			isa = PBXGroup;
			children = (
				E2A6A6D61B4481EB00F3BEA8 /* NotenbuchTests.swift */,
				E2A6A6D41B4481EB00F3BEA8 /* Supporting Files */,
			);
			path = NotenbuchTests;
			sourceTree = "<group>";
		};
		E2A6A6D41B4481EB00F3BEA8 /* Supporting Files */ = {
			isa = PBXGroup;
			children = (
				E2A6A6D51B4481EB00F3BEA8 /* Info.plist */,
			);
			name = "Supporting Files";
			sourceTree = "<group>";
		};
/* End PBXGroup section */

/* Begin PBXNativeTarget section */
		E2A6A6B71B4481EB00F3BEA8 /* Notenbuch */ = {
			isa = PBXNativeTarget;
			buildConfigurationList = E2A6A6DA1B4481EB00F3BEA8 /* Build configuration list for PBXNativeTarget "Notenbuch" */;
			buildPhases = (
				E2A6A6B41B4481EB00F3BEA8 /* Sources */,
				E2A6A6B51B4481EB00F3BEA8 /* Frameworks */,
				E2A6A6B61B4481EB00F3BEA8 /* Resources */,
			);
			buildRules = (
			);
			dependencies = (
			);
			name = Notenbuch;
			productName = Notenbuch;
			productReference = E2A6A6B81B4481EB00F3BEA8 /* Notenbuch.app */;
			productType = "com.apple.product-type.application";
		};
		E2A6A6CF1B4481EB00F3BEA8 /* NotenbuchTests */ = {
			isa = PBXNativeTarget;
			buildConfigurationList = E2A6A6DD1B4481EB00F3BEA8 /* Build configuration list for PBXNativeTarget "NotenbuchTests" */;
			buildPhases = (
				E2A6A6CC1B4481EB00F3BEA8 /* Sources */,
				E2A6A6CD1B4481EB00F3BEA8 /* Frameworks */,
				E2A6A6CE1B4481EB00F3BEA8 /* Resources */,
			);
			buildRules = (
			);
			dependencies = (
				E2A6A6D21B4481EB00F3BEA8 /* PBXTargetDependency */,
			);
			name = NotenbuchTests;
			productName = NotenbuchTests;
			productReference = E2A6A6D01B4481EB00F3BEA8 /* NotenbuchTests.xctest */;
			productType = "com.apple.product-type.bundle.unit-test";
		};
/* End PBXNativeTarget section */

/* Begin PBXProject section */
		E2A6A6B01B4481EB00F3BEA8 /* Project object */ = {
			isa = PBXProject;
			attributes = {
				LastUpgradeCheck = 0640;
				ORGANIZATIONNAME = "Tom Kumschier";
				TargetAttributes = {
					E2A6A6B71B4481EB00F3BEA8 = {
						CreatedOnToolsVersion = 6.4;
					};
					E2A6A6CF1B4481EB00F3BEA8 = {
						CreatedOnToolsVersion = 6.4;
						TestTargetID = E2A6A6B71B4481EB00F3BEA8;
					};
				};
			};
			buildConfigurationList = E2A6A6B31B4481EB00F3BEA8 /* Build configuration list for PBXProject "Notenbuch" */;
			compatibilityVersion = "Xcode 3.2";
			developmentRegion = English;
			hasScannedForEncodings = 0;
			knownRegions = (
				en,
				Base,
			);
			mainGroup = E2A6A6AF1B4481EB00F3BEA8;
			productRefGroup = E2A6A6B91B4481EB00F3BEA8 /* Products */;
			projectDirPath = "";
			projectRoot = "";
			targets = (
				E2A6A6B71B4481EB00F3BEA8 /* Notenbuch */,
				E2A6A6CF1B4481EB00F3BEA8 /* NotenbuchTests */,
			);
		};
/* End PBXProject section */

/* Begin PBXResourcesBuildPhase section */
		E2A6A6B61B4481EB00F3BEA8 /* Resources */ = {
			isa = PBXResourcesBuildPhase;
			buildActionMask = 2147483647;
			files = (
				E2A6A6CB1B4481EB00F3BEA8 /* LaunchScreen.xib in Resources */,
				E2A6A6C81B4481EB00F3BEA8 /* Images.xcassets in Resources */,
				E2A6A6F31B46E87200F3BEA8 /* Main.storyboard in Resources */,
			);
			runOnlyForDeploymentPostprocessing = 0;
		};
		E2A6A6CE1B4481EB00F3BEA8 /* Resources */ = {
			isa = PBXResourcesBuildPhase;
			buildActionMask = 2147483647;
			files = (
			);
			runOnlyForDeploymentPostprocessing = 0;
		};
/* End PBXResourcesBuildPhase section */

/* Begin PBXSourcesBuildPhase section */
		E2A6A6B41B4481EB00F3BEA8 /* Sources */ = {
			isa = PBXSourcesBuildPhase;
			buildActionMask = 2147483647;
			files = (
				E2A6A6F51B46E8A600F3BEA8 /* notenUbersicht.swift in Sources */,
				E2A6A6E71B46ABF200F3BEA8 /* CalculateTVC.swift in Sources */,
				E2A6A6FA1B480CEB00F3BEA8 /* KleineFunktionen.swift in Sources */,
				E2A6A6C31B4481EB00F3BEA8 /* ViewController.swift in Sources */,
				E2A6A6C11B4481EB00F3BEA8 /* Notenbuch.xcdatamodeld in Sources */,
				E2A6A6BE1B4481EB00F3BEA8 /* AppDelegate.swift in Sources */,
				E2A6A6F81B480C0100F3BEA8 /* historyCalculateTVC.swift in Sources */,
				E2A6A6E51B455AB700F3BEA8 /* Extension.swift in Sources */,
			);
			runOnlyForDeploymentPostprocessing = 0;
		};
		E2A6A6CC1B4481EB00F3BEA8 /* Sources */ = {
			isa = PBXSourcesBuildPhase;
			buildActionMask = 2147483647;
			files = (
				E2A6A6D71B4481EB00F3BEA8 /* NotenbuchTests.swift in Sources */,
			);
			runOnlyForDeploymentPostprocessing = 0;
		};
/* End PBXSourcesBuildPhase section */

/* Begin PBXTargetDependency section */
		E2A6A6D21B4481EB00F3BEA8 /* PBXTargetDependency */ = {
			isa = PBXTargetDependency;
			target = E2A6A6B71B4481EB00F3BEA8 /* Notenbuch */;
			targetProxy = E2A6A6D11B4481EB00F3BEA8 /* PBXContainerItemProxy */;
		};
/* End PBXTargetDependency section */

/* Begin PBXVariantGroup section */
		E2A6A6C91B4481EB00F3BEA8 /* LaunchScreen.xib */ = {
			isa = PBXVariantGroup;
			children = (
				E2A6A6CA1B4481EB00F3BEA8 /* Base */,
			);
			name = LaunchScreen.xib;
			sourceTree = "<group>";
		};
/* End PBXVariantGroup section */

/* Begin XCBuildConfiguration section */
		E2A6A6D81B4481EB00F3BEA8 /* Debug */ = {
			isa = XCBuildConfiguration;
			buildSettings = {
				ALWAYS_SEARCH_USER_PATHS = NO;
				CLANG_CXX_LANGUAGE_STANDARD = "gnu++0x";
				CLANG_CXX_LIBRARY = "libc++";
				CLANG_ENABLE_MODULES = YES;
				CLANG_ENABLE_OBJC_ARC = YES;
				CLANG_WARN_BOOL_CONVERSION = YES;
				CLANG_WARN_CONSTANT_CONVERSION = YES;
				CLANG_WARN_DIRECT_OBJC_ISA_USAGE = YES_ERROR;
				CLANG_WARN_EMPTY_BODY = YES;
				CLANG_WARN_ENUM_CONVERSION = YES;
				CLANG_WARN_INT_CONVERSION = YES;
				CLANG_WARN_OBJC_ROOT_CLASS = YES_ERROR;
				CLANG_WARN_UNREACHABLE_CODE = YES;
				CLANG_WARN__DUPLICATE_METHOD_MATCH = YES;
				"CODE_SIGN_IDENTITY[sdk=iphoneos*]" = "iPhone Developer";
				COPY_PHASE_STRIP = NO;
				DEBUG_INFORMATION_FORMAT = "dwarf-with-dsym";
				ENABLE_STRICT_OBJC_MSGSEND = YES;
				GCC_C_LANGUAGE_STANDARD = gnu99;
				GCC_DYNAMIC_NO_PIC = NO;
				GCC_NO_COMMON_BLOCKS = YES;
				GCC_OPTIMIZATION_LEVEL = 0;
				GCC_PREPROCESSOR_DEFINITIONS = (
					"DEBUG=1",
					"$(inherited)",
				);
				GCC_SYMBOLS_PRIVATE_EXTERN = NO;
				GCC_WARN_64_TO_32_BIT_CONVERSION = YES;
				GCC_WARN_ABOUT_RETURN_TYPE = YES_ERROR;
				GCC_WARN_UNDECLARED_SELECTOR = YES;
				GCC_WARN_UNINITIALIZED_AUTOS = YES_AGGRESSIVE;
				GCC_WARN_UNUSED_FUNCTION = YES;
				GCC_WARN_UNUSED_VARIABLE = YES;
				IPHONEOS_DEPLOYMENT_TARGET = 8.4;
				MTL_ENABLE_DEBUG_INFO = YES;
				ONLY_ACTIVE_ARCH = YES;
				SDKROOT = iphoneos;
				SWIFT_OPTIMIZATION_LEVEL = "-Onone";
			};
			name = Debug;
		};
		E2A6A6D91B4481EB00F3BEA8 /* Release */ = {
			isa = XCBuildConfiguration;
			buildSettings = {
				ALWAYS_SEARCH_USER_PATHS = NO;
				CLANG_CXX_LANGUAGE_STANDARD = "gnu++0x";
				CLANG_CXX_LIBRARY = "libc++";
				CLANG_ENABLE_MODULES = YES;
				CLANG_ENABLE_OBJC_ARC = YES;
				CLANG_WARN_BOOL_CONVERSION = YES;
				CLANG_WARN_CONSTANT_CONVERSION = YES;
				CLANG_WARN_DIRECT_OBJC_ISA_USAGE = YES_ERROR;
				CLANG_WARN_EMPTY_BODY = YES;
				CLANG_WARN_ENUM_CONVERSION = YES;
				CLANG_WARN_INT_CONVERSION = YES;
				CLANG_WARN_OBJC_ROOT_CLASS = YES_ERROR;
				CLANG_WARN_UNREACHABLE_CODE = YES;
				CLANG_WARN__DUPLICATE_METHOD_MATCH = YES;
				"CODE_SIGN_IDENTITY[sdk=iphoneos*]" = "iPhone Developer";
				COPY_PHASE_STRIP = NO;
				DEBUG_INFORMATION_FORMAT = "dwarf-with-dsym";
				ENABLE_NS_ASSERTIONS = NO;
				ENABLE_STRICT_OBJC_MSGSEND = YES;
				GCC_C_LANGUAGE_STANDARD = gnu99;
				GCC_NO_COMMON_BLOCKS = YES;
				GCC_WARN_64_TO_32_BIT_CONVERSION = YES;
				GCC_WARN_ABOUT_RETURN_TYPE = YES_ERROR;
				GCC_WARN_UNDECLARED_SELECTOR = YES;
				GCC_WARN_UNINITIALIZED_AUTOS = YES_AGGRESSIVE;
				GCC_WARN_UNUSED_FUNCTION = YES;
				GCC_WARN_UNUSED_VARIABLE = YES;
				IPHONEOS_DEPLOYMENT_TARGET = 8.4;
				MTL_ENABLE_DEBUG_INFO = NO;
				SDKROOT = iphoneos;
				VALIDATE_PRODUCT = YES;
			};
			name = Release;
		};
		E2A6A6DB1B4481EB00F3BEA8 /* Debug */ = {
			isa = XCBuildConfiguration;
			buildSettings = {
				ASSETCATALOG_COMPILER_APPICON_NAME = AppIcon;
				INFOPLIST_FILE = Notenbuch/Info.plist;
				LD_RUNPATH_SEARCH_PATHS = "$(inherited) @executable_path/Frameworks";
				PRODUCT_NAME = "$(TARGET_NAME)";
			};
			name = Debug;
		};
		E2A6A6DC1B4481EB00F3BEA8 /* Release */ = {
			isa = XCBuildConfiguration;
			buildSettings = {
				ASSETCATALOG_COMPILER_APPICON_NAME = AppIcon;
				INFOPLIST_FILE = Notenbuch/Info.plist;
				LD_RUNPATH_SEARCH_PATHS = "$(inherited) @executable_path/Frameworks";
				PRODUCT_NAME = "$(TARGET_NAME)";
			};
			name = Release;
		};
		E2A6A6DE1B4481EB00F3BEA8 /* Debug */ = {
			isa = XCBuildConfiguration;
			buildSettings = {
				BUNDLE_LOADER = "$(TEST_HOST)";
				FRAMEWORK_SEARCH_PATHS = (
					"$(SDKROOT)/Developer/Library/Frameworks",
					"$(inherited)",
				);
				GCC_PREPROCESSOR_DEFINITIONS = (
					"DEBUG=1",
					"$(inherited)",
				);
				INFOPLIST_FILE = NotenbuchTests/Info.plist;
				LD_RUNPATH_SEARCH_PATHS = "$(inherited) @executable_path/Frameworks @loader_path/Frameworks";
				PRODUCT_NAME = "$(TARGET_NAME)";
				TEST_HOST = "$(BUILT_PRODUCTS_DIR)/Notenbuch.app/Notenbuch";
			};
			name = Debug;
		};
		E2A6A6DF1B4481EB00F3BEA8 /* Release */ = {
			isa = XCBuildConfiguration;
			buildSettings = {
				BUNDLE_LOADER = "$(TEST_HOST)";
				FRAMEWORK_SEARCH_PATHS = (
					"$(SDKROOT)/Developer/Library/Frameworks",
					"$(inherited)",
				);
				INFOPLIST_FILE = NotenbuchTests/Info.plist;
				LD_RUNPATH_SEARCH_PATHS = "$(inherited) @executable_path/Frameworks @loader_path/Frameworks";
				PRODUCT_NAME = "$(TARGET_NAME)";
				TEST_HOST = "$(BUILT_PRODUCTS_DIR)/Notenbuch.app/Notenbuch";
			};
			name = Release;
		};
/* End XCBuildConfiguration section */

/* Begin XCConfigurationList section */
		E2A6A6B31B4481EB00F3BEA8 /* Build configuration list for PBXProject "Notenbuch" */ = {
			isa = XCConfigurationList;
			buildConfigurations = (
				E2A6A6D81B4481EB00F3BEA8 /* Debug */,
				E2A6A6D91B4481EB00F3BEA8 /* Release */,
			);
			defaultConfigurationIsVisible = 0;
			defaultConfigurationName = Release;
		};
		E2A6A6DA1B4481EB00F3BEA8 /* Build configuration list for PBXNativeTarget "Notenbuch" */ = {
			isa = XCConfigurationList;
			buildConfigurations = (
				E2A6A6DB1B4481EB00F3BEA8 /* Debug */,
				E2A6A6DC1B4481EB00F3BEA8 /* Release */,
			);
			defaultConfigurationIsVisible = 0;
		};
		E2A6A6DD1B4481EB00F3BEA8 /* Build configuration list for PBXNativeTarget "NotenbuchTests" */ = {
			isa = XCConfigurationList;
			buildConfigurations = (
				E2A6A6DE1B4481EB00F3BEA8 /* Debug */,
				E2A6A6DF1B4481EB00F3BEA8 /* Release */,
			);
			defaultConfigurationIsVisible = 0;
		};
/* End XCConfigurationList section */

/* Begin XCVersionGroup section */
		E2A6A6BF1B4481EB00F3BEA8 /* Notenbuch.xcdatamodeld */ = {
			isa = XCVersionGroup;
			children = (
				E2A6A6C01B4481EB00F3BEA8 /* Notenbuch.xcdatamodel */,
			);
			currentVersion = E2A6A6C01B4481EB00F3BEA8 /* Notenbuch.xcdatamodel */;
			path = Notenbuch.xcdatamodeld;
			sourceTree = "<group>";
			versionGroupType = wrapper.xcdatamodel;
		};
/* End XCVersionGroup section */
	};
	rootObject = E2A6A6B01B4481EB00F3BEA8 /* Project object */;
}
