// !$*UTF8*$!
{
	archiveVersion = 1;
	classes = {
	};
	objectVersion = 46;
	objects = {

/* Begin PBXBuildFile section */
		E243A12B1B5957A5001ABF54 /* DetailTV.swift in Sources */ = {isa = PBXBuildFile; fileRef = E243A12A1B5957A5001ABF54 /* DetailTV.swift */; };
		E24A7D971B58348900473AD9 /* ToDo.plist in Resources */ = {isa = PBXBuildFile; fileRef = E24A7D961B58348900473AD9 /* ToDo.plist */; };
		E26C52E51B5ECA9700203563 /* ImpressumTV.swift in Sources */ = {isa = PBXBuildFile; fileRef = E26C52E41B5ECA9700203563 /* ImpressumTV.swift */; };
		E27957351B58F68600EB330F /* Notenitem+CoreDataProperties.swift in Sources */ = {isa = PBXBuildFile; fileRef = E27957331B58F68600EB330F /* Notenitem+CoreDataProperties.swift */; };
		E27957361B58F68600EB330F /* Notenitem.swift in Sources */ = {isa = PBXBuildFile; fileRef = E27957341B58F68600EB330F /* Notenitem.swift */; };
		E27957391B58F68700EB330F /* Notensatz+CoreDataProperties.swift in Sources */ = {isa = PBXBuildFile; fileRef = E27957371B58F68700EB330F /* Notensatz+CoreDataProperties.swift */; };
		E279573A1B58F68700EB330F /* Notensatz.swift in Sources */ = {isa = PBXBuildFile; fileRef = E27957381B58F68700EB330F /* Notensatz.swift */; };
		E29360891B511EA7009077D2 /* CustomSegue.swift in Sources */ = {isa = PBXBuildFile; fileRef = E29360881B511EA7009077D2 /* CustomSegue.swift */; };
		E2A6A6BE1B4481EB00F3BEA8 /* AppDelegate.swift in Sources */ = {isa = PBXBuildFile; fileRef = E2A6A6BD1B4481EB00F3BEA8 /* AppDelegate.swift */; };
		E2A6A6C11B4481EB00F3BEA8 /* Notenbuch.xcdatamodeld in Sources */ = {isa = PBXBuildFile; fileRef = E2A6A6BF1B4481EB00F3BEA8 /* Notenbuch.xcdatamodeld */; };
		E2A6A6C31B4481EB00F3BEA8 /* ViewController.swift in Sources */ = {isa = PBXBuildFile; fileRef = E2A6A6C21B4481EB00F3BEA8 /* ViewController.swift */; };
		E2A6A6C81B4481EB00F3BEA8 /* Images.xcassets in Resources */ = {isa = PBXBuildFile; fileRef = E2A6A6C71B4481EB00F3BEA8 /* Images.xcassets */; };
		E2A6A6CB1B4481EB00F3BEA8 /* LaunchScreen.xib in Resources */ = {isa = PBXBuildFile; fileRef = E2A6A6C91B4481EB00F3BEA8 /* LaunchScreen.xib */; };
		E2A6A6D71B4481EB00F3BEA8 /* NotenbuchTests.swift in Sources */ = {isa = PBXBuildFile; fileRef = E2A6A6D61B4481EB00F3BEA8 /* NotenbuchTests.swift */; };
		E2A6A6E51B455AB700F3BEA8 /* Extension.swift in Sources */ = {isa = PBXBuildFile; fileRef = E2A6A6E41B455AB700F3BEA8 /* Extension.swift */; };
		E2A6A6E71B46ABF200F3BEA8 /* CalculateTVC.swift in Sources */ = {isa = PBXBuildFile; fileRef = E2A6A6E61B46ABF200F3BEA8 /* CalculateTVC.swift */; };
		E2A6A6F31B46E87200F3BEA8 /* Main.storyboard in Resources */ = {isa = PBXBuildFile; fileRef = E2A6A6F21B46E87200F3BEA8 /* Main.storyboard */; };
		E2A6A6F51B46E8A600F3BEA8 /* notenUbersicht.swift in Sources */ = {isa = PBXBuildFile; fileRef = E2A6A6F41B46E8A600F3BEA8 /* notenUbersicht.swift */; };
		E2A6A6F81B480C0100F3BEA8 /* historyCalculateTVC.swift in Sources */ = {isa = PBXBuildFile; fileRef = E2A6A6F71B480C0100F3BEA8 /* historyCalculateTVC.swift */; };
		E2A6A6FA1B480CEB00F3BEA8 /* KleineFunktionen.swift in Sources */ = {isa = PBXBuildFile; fileRef = E2A6A6F91B480CEB00F3BEA8 /* KleineFunktionen.swift */; };
		E2AC786A1B4C2AF500CC0406 /* notenCell.swift in Sources */ = {isa = PBXBuildFile; fileRef = E2AC78691B4C2AF500CC0406 /* notenCell.swift */; };
		E2AC78731B4C3ABF00CC0406 /* Konstanten.swift in Sources */ = {isa = PBXBuildFile; fileRef = E2AC78721B4C3ABF00CC0406 /* Konstanten.swift */; };
		E2DDA01B1B49DAC4008839E3 /* AddNewFach.swift in Sources */ = {isa = PBXBuildFile; fileRef = E2DDA01A1B49DAC4008839E3 /* AddNewFach.swift */; };
		E2E8D9CB1B61015A00527481 /* Landing.storyboard in Resources */ = {isa = PBXBuildFile; fileRef = E2E8D9CA1B61015A00527481 /* Landing.storyboard */; };
		E2E8D9CE1B61018100527481 /* LandingPage.swift in Sources */ = {isa = PBXBuildFile; fileRef = E2E8D9CC1B61018100527481 /* LandingPage.swift */; };
		E2E8D9D11B6101B000527481 /* ContentVC.swift in Sources */ = {isa = PBXBuildFile; fileRef = E2E8D9D01B6101B000527481 /* ContentVC.swift */; };
		E2E8D9D81B61023800527481 /* page1.png in Resources */ = {isa = PBXBuildFile; fileRef = E2E8D9D31B61023800527481 /* page1.png */; };
		E2E8D9D91B61023800527481 /* page2.png in Resources */ = {isa = PBXBuildFile; fileRef = E2E8D9D41B61023800527481 /* page2.png */; };
		E2E8D9DA1B61023800527481 /* page3.png in Resources */ = {isa = PBXBuildFile; fileRef = E2E8D9D51B61023800527481 /* page3.png */; };
		E2E8D9DB1B61023800527481 /* page4.png in Resources */ = {isa = PBXBuildFile; fileRef = E2E8D9D61B61023800527481 /* page4.png */; };
		E2E8D9DC1B61023800527481 /* page5.png in Resources */ = {isa = PBXBuildFile; fileRef = E2E8D9D71B61023800527481 /* page5.png */; };
/* End PBXBuildFile section */

/* Begin PBXContainerItemProxy section */
		E2A6A6D11B4481EB00F3BEA8 /* PBXContainerItemProxy */ = {
			isa = PBXContainerItemProxy;
			containerPortal = E2A6A6B01B4481EB00F3BEA8 /* Project object */;
			proxyType = 1;
			remoteGlobalIDString = E2A6A6B71B4481EB00F3BEA8;
			remoteInfo = Notenbuch;
		};
/* End PBXContainerItemProxy section */

/* Begin PBXFileReference section */
		E243A12A1B5957A5001ABF54 /* DetailTV.swift */ = {isa = PBXFileReference; fileEncoding = 4; lastKnownFileType = sourcecode.swift; path = DetailTV.swift; sourceTree = "<group>"; };
		E24A7D961B58348900473AD9 /* ToDo.plist */ = {isa = PBXFileReference; fileEncoding = 4; lastKnownFileType = text.plist.xml; path = ToDo.plist; sourceTree = "<group>"; };
		E26C52E41B5ECA9700203563 /* ImpressumTV.swift */ = {isa = PBXFileReference; fileEncoding = 4; lastKnownFileType = sourcecode.swift; path = ImpressumTV.swift; sourceTree = "<group>"; };
		E27957331B58F68600EB330F /* Notenitem+CoreDataProperties.swift */ = {isa = PBXFileReference; fileEncoding = 4; lastKnownFileType = sourcecode.swift; path = "Notenitem+CoreDataProperties.swift"; sourceTree = "<group>"; };
		E27957341B58F68600EB330F /* Notenitem.swift */ = {isa = PBXFileReference; fileEncoding = 4; lastKnownFileType = sourcecode.swift; path = Notenitem.swift; sourceTree = "<group>"; };
		E27957371B58F68700EB330F /* Notensatz+CoreDataProperties.swift */ = {isa = PBXFileReference; fileEncoding = 4; lastKnownFileType = sourcecode.swift; path = "Notensatz+CoreDataProperties.swift"; sourceTree = "<group>"; };
		E27957381B58F68700EB330F /* Notensatz.swift */ = {isa = PBXFileReference; fileEncoding = 4; lastKnownFileType = sourcecode.swift; path = Notensatz.swift; sourceTree = "<group>"; };
		E29360881B511EA7009077D2 /* CustomSegue.swift */ = {isa = PBXFileReference; fileEncoding = 4; lastKnownFileType = sourcecode.swift; path = CustomSegue.swift; sourceTree = "<group>"; };
		E293608A1B511FA3009077D2 /* Notenbuch-Bridging-Header.h */ = {isa = PBXFileReference; lastKnownFileType = sourcecode.c.h; path = "Notenbuch-Bridging-Header.h"; sourceTree = "<group>"; };
		E2A6A6B81B4481EB00F3BEA8 /* Notenbuch.app */ = {isa = PBXFileReference; explicitFileType = wrapper.application; includeInIndex = 0; path = Notenbuch.app; sourceTree = BUILT_PRODUCTS_DIR; };
		E2A6A6BC1B4481EB00F3BEA8 /* Info.plist */ = {isa = PBXFileReference; lastKnownFileType = text.plist.xml; path = Info.plist; sourceTree = "<group>"; };
		E2A6A6BD1B4481EB00F3BEA8 /* AppDelegate.swift */ = {isa = PBXFileReference; lastKnownFileType = sourcecode.swift; path = AppDelegate.swift; sourceTree = "<group>"; };
		E2A6A6C01B4481EB00F3BEA8 /* Notenbuch.xcdatamodel */ = {isa = PBXFileReference; lastKnownFileType = wrapper.xcdatamodel; path = Notenbuch.xcdatamodel; sourceTree = "<group>"; };
		E2A6A6C21B4481EB00F3BEA8 /* ViewController.swift */ = {isa = PBXFileReference; lastKnownFileType = sourcecode.swift; path = ViewController.swift; sourceTree = "<group>"; };
		E2A6A6C71B4481EB00F3BEA8 /* Images.xcassets */ = {isa = PBXFileReference; lastKnownFileType = folder.assetcatalog; path = Images.xcassets; sourceTree = "<group>"; };
		E2A6A6CA1B4481EB00F3BEA8 /* Base */ = {isa = PBXFileReference; lastKnownFileType = file.xib; name = Base; path = Base.lproj/LaunchScreen.xib; sourceTree = "<group>"; };
		E2A6A6D01B4481EB00F3BEA8 /* NotenbuchTests.xctest */ = {isa = PBXFileReference; explicitFileType = wrapper.cfbundle; includeInIndex = 0; path = NotenbuchTests.xctest; sourceTree = BUILT_PRODUCTS_DIR; };
		E2A6A6D51B4481EB00F3BEA8 /* Info.plist */ = {isa = PBXFileReference; lastKnownFileType = text.plist.xml; path = Info.plist; sourceTree = "<group>"; };
		E2A6A6D61B4481EB00F3BEA8 /* NotenbuchTests.swift */ = {isa = PBXFileReference; lastKnownFileType = sourcecode.swift; path = NotenbuchTests.swift; sourceTree = "<group>"; };
		E2A6A6E41B455AB700F3BEA8 /* Extension.swift */ = {isa = PBXFileReference; fileEncoding = 4; lastKnownFileType = sourcecode.swift; path = Extension.swift; sourceTree = "<group>"; };
		E2A6A6E61B46ABF200F3BEA8 /* CalculateTVC.swift */ = {isa = PBXFileReference; fileEncoding = 4; lastKnownFileType = sourcecode.swift; path = CalculateTVC.swift; sourceTree = "<group>"; };
		E2A6A6F21B46E87200F3BEA8 /* Main.storyboard */ = {isa = PBXFileReference; fileEncoding = 4; lastKnownFileType = file.storyboard; path = Main.storyboard; sourceTree = "<group>"; };
		E2A6A6F41B46E8A600F3BEA8 /* notenUbersicht.swift */ = {isa = PBXFileReference; fileEncoding = 4; lastKnownFileType = sourcecode.swift; path = notenUbersicht.swift; sourceTree = "<group>"; };
		E2A6A6F61B4701B700F3BEA8 /* Versuche.playground */ = {isa = PBXFileReference; lastKnownFileType = file.playground; path = Versuche.playground; sourceTree = "<group>"; };
		E2A6A6F71B480C0100F3BEA8 /* historyCalculateTVC.swift */ = {isa = PBXFileReference; fileEncoding = 4; lastKnownFileType = sourcecode.swift; path = historyCalculateTVC.swift; sourceTree = "<group>"; };
		E2A6A6F91B480CEB00F3BEA8 /* KleineFunktionen.swift */ = {isa = PBXFileReference; fileEncoding = 4; lastKnownFileType = sourcecode.swift; path = KleineFunktionen.swift; sourceTree = "<group>"; };
		E2AC78691B4C2AF500CC0406 /* notenCell.swift */ = {isa = PBXFileReference; fileEncoding = 4; lastKnownFileType = sourcecode.swift; path = notenCell.swift; sourceTree = "<group>"; };
		E2AC78721B4C3ABF00CC0406 /* Konstanten.swift */ = {isa = PBXFileReference; fileEncoding = 4; lastKnownFileType = sourcecode.swift; path = Konstanten.swift; sourceTree = "<group>"; };
		E2DDA01A1B49DAC4008839E3 /* AddNewFach.swift */ = {isa = PBXFileReference; fileEncoding = 4; lastKnownFileType = sourcecode.swift; path = AddNewFach.swift; sourceTree = "<group>"; };
		E2E8D9CA1B61015A00527481 /* Landing.storyboard */ = {isa = PBXFileReference; fileEncoding = 4; lastKnownFileType = file.storyboard; path = Landing.storyboard; sourceTree = "<group>"; };
		E2E8D9CC1B61018100527481 /* LandingPage.swift */ = {isa = PBXFileReference; fileEncoding = 4; lastKnownFileType = sourcecode.swift; path = LandingPage.swift; sourceTree = "<group>"; };
		E2E8D9D01B6101B000527481 /* ContentVC.swift */ = {isa = PBXFileReference; fileEncoding = 4; lastKnownFileType = sourcecode.swift; path = ContentVC.swift; sourceTree = "<group>"; };
		E2E8D9D31B61023800527481 /* page1.png */ = {isa = PBXFileReference; lastKnownFileType = image.png; path = page1.png; sourceTree = "<group>"; };
		E2E8D9D41B61023800527481 /* page2.png */ = {isa = PBXFileReference; lastKnownFileType = image.png; path = page2.png; sourceTree = "<group>"; };
		E2E8D9D51B61023800527481 /* page3.png */ = {isa = PBXFileReference; lastKnownFileType = image.png; path = page3.png; sourceTree = "<group>"; };
		E2E8D9D61B61023800527481 /* page4.png */ = {isa = PBXFileReference; lastKnownFileType = image.png; path = page4.png; sourceTree = "<group>"; };
		E2E8D9D71B61023800527481 /* page5.png */ = {isa = PBXFileReference; lastKnownFileType = image.png; path = page5.png; sourceTree = "<group>"; };
/* End PBXFileReference section */

/* Begin PBXFrameworksBuildPhase section */
		E2A6A6B51B4481EB00F3BEA8 /* Frameworks */ = {
			isa = PBXFrameworksBuildPhase;
			buildActionMask = 2147483647;
			files = (
			);
			runOnlyForDeploymentPostprocessing = 0;
		};
		E2A6A6CD1B4481EB00F3BEA8 /* Frameworks */ = {
			isa = PBXFrameworksBuildPhase;
			buildActionMask = 2147483647;
			files = (
			);
			runOnlyForDeploymentPostprocessing = 0;
		};
/* End PBXFrameworksBuildPhase section */

/* Begin PBXGroup section */
		E2A6A6AF1B4481EB00F3BEA8 = {
			isa = PBXGroup;
			children = (
				E2A6A6BA1B4481EB00F3BEA8 /* Notenbuch */,
				E2A6A6D31B4481EB00F3BEA8 /* NotenbuchTests */,
				E2A6A6B91B4481EB00F3BEA8 /* Products */,
			);
			sourceTree = "<group>";
		};
		E2A6A6B91B4481EB00F3BEA8 /* Products */ = {
			isa = PBXGroup;
			children = (
				E2A6A6B81B4481EB00F3BEA8 /* Notenbuch.app */,
				E2A6A6D01B4481EB00F3BEA8 /* NotenbuchTests.xctest */,
			);
			name = Products;
			sourceTree = "<group>";
		};
		E2A6A6BA1B4481EB00F3BEA8 /* Notenbuch */ = {
			isa = PBXGroup;
			children = (
				E24A7D961B58348900473AD9 /* ToDo.plist */,
				E2A6A6F21B46E87200F3BEA8 /* Main.storyboard */,
				E26C52E41B5ECA9700203563 /* ImpressumTV.swift */,
				E2A6A6C21B4481EB00F3BEA8 /* ViewController.swift */,
				E2E8D9D21B6101B900527481 /* Landing */,
				E2B8548A1B59591900FF8085 /* Aktuelle Noten */,
				E2AC786F1B4C37DC00CC0406 /* CoreData */,
				E2AC78681B4C29D300CC0406 /* Calculate */,
				E2A6A6E41B455AB700F3BEA8 /* Extension.swift */,
				E2A6A6F61B4701B700F3BEA8 /* Versuche.playground */,
				E2A6A6BB1B4481EB00F3BEA8 /* Supporting Files */,
			);
			path = Notenbuch;
			sourceTree = "<group>";
		};
		E2A6A6BB1B4481EB00F3BEA8 /* Supporting Files */ = {
			isa = PBXGroup;
			children = (
				E2A6A6F91B480CEB00F3BEA8 /* KleineFunktionen.swift */,
				E293608A1B511FA3009077D2 /* Notenbuch-Bridging-Header.h */,
				E2A6A6BD1B4481EB00F3BEA8 /* AppDelegate.swift */,
				E2A6A6C71B4481EB00F3BEA8 /* Images.xcassets */,
				E2A6A6C91B4481EB00F3BEA8 /* LaunchScreen.xib */,
				E2A6A6BF1B4481EB00F3BEA8 /* Notenbuch.xcdatamodeld */,
				E2A6A6BC1B4481EB00F3BEA8 /* Info.plist */,
				E29360881B511EA7009077D2 /* CustomSegue.swift */,
			);
			name = "Supporting Files";
			sourceTree = "<group>";
		};
		E2A6A6D31B4481EB00F3BEA8 /* NotenbuchTests */ = {
			isa = PBXGroup;
			children = (
				E2A6A6D61B4481EB00F3BEA8 /* NotenbuchTests.swift */,
				E2A6A6D41B4481EB00F3BEA8 /* Supporting Files */,
			);
			path = NotenbuchTests;
			sourceTree = "<group>";
		};
		E2A6A6D41B4481EB00F3BEA8 /* Supporting Files */ = {
			isa = PBXGroup;
			children = (
				E2A6A6D51B4481EB00F3BEA8 /* Info.plist */,
			);
			name = "Supporting Files";
			sourceTree = "<group>";
		};
		E2AC78681B4C29D300CC0406 /* Calculate */ = {
			isa = PBXGroup;
			children = (
				E2A6A6E61B46ABF200F3BEA8 /* CalculateTVC.swift */,
				E2A6A6F41B46E8A600F3BEA8 /* notenUbersicht.swift */,
				E2A6A6F71B480C0100F3BEA8 /* historyCalculateTVC.swift */,
			);
			name = Calculate;
			sourceTree = "<group>";
		};
		E2AC786F1B4C37DC00CC0406 /* CoreData */ = {
			isa = PBXGroup;
			children = (
				E27957371B58F68700EB330F /* Notensatz+CoreDataProperties.swift */,
				E27957381B58F68700EB330F /* Notensatz.swift */,
				E27957331B58F68600EB330F /* Notenitem+CoreDataProperties.swift */,
				E27957341B58F68600EB330F /* Notenitem.swift */,
				E2AC78721B4C3ABF00CC0406 /* Konstanten.swift */,
			);
			name = CoreData;
			sourceTree = "<group>";
		};
		E2B8548A1B59591900FF8085 /* Aktuelle Noten */ = {
			isa = PBXGroup;
			children = (
				E2AC78691B4C2AF500CC0406 /* notenCell.swift */,
				E2DDA01A1B49DAC4008839E3 /* AddNewFach.swift */,
				E243A12A1B5957A5001ABF54 /* DetailTV.swift */,
			);
			name = "Aktuelle Noten";
			sourceTree = "<group>";
		};
		E2E8D9D21B6101B900527481 /* Landing */ = {
			isa = PBXGroup;
			children = (
				E2E8D9CA1B61015A00527481 /* Landing.storyboard */,
				E2E8D9D01B6101B000527481 /* ContentVC.swift */,
				E2E8D9CC1B61018100527481 /* LandingPage.swift */,
				E2E8D9D31B61023800527481 /* page1.png */,
				E2E8D9D41B61023800527481 /* page2.png */,
				E2E8D9D51B61023800527481 /* page3.png */,
				E2E8D9D61B61023800527481 /* page4.png */,
				E2E8D9D71B61023800527481 /* page5.png */,
			);
			name = Landing;
			sourceTree = "<group>";
		};
/* End PBXGroup section */

/* Begin PBXNativeTarget section */
		E2A6A6B71B4481EB00F3BEA8 /* Notenbuch */ = {
			isa = PBXNativeTarget;
			buildConfigurationList = E2A6A6DA1B4481EB00F3BEA8 /* Build configuration list for PBXNativeTarget "Notenbuch" */;
			buildPhases = (
				E2A6A6B41B4481EB00F3BEA8 /* Sources */,
				E2A6A6B51B4481EB00F3BEA8 /* Frameworks */,
				E2A6A6B61B4481EB00F3BEA8 /* Resources */,
			);
			buildRules = (
			);
			dependencies = (
			);
			name = Notenbuch;
			productName = Notenbuch;
			productReference = E2A6A6B81B4481EB00F3BEA8 /* Notenbuch.app */;
			productType = "com.apple.product-type.application";
		};
		E2A6A6CF1B4481EB00F3BEA8 /* NotenbuchTests */ = {
			isa = PBXNativeTarget;
			buildConfigurationList = E2A6A6DD1B4481EB00F3BEA8 /* Build configuration list for PBXNativeTarget "NotenbuchTests" */;
			buildPhases = (
				E2A6A6CC1B4481EB00F3BEA8 /* Sources */,
				E2A6A6CD1B4481EB00F3BEA8 /* Frameworks */,
				E2A6A6CE1B4481EB00F3BEA8 /* Resources */,
			);
			buildRules = (
			);
			dependencies = (
				E2A6A6D21B4481EB00F3BEA8 /* PBXTargetDependency */,
			);
			name = NotenbuchTests;
			productName = NotenbuchTests;
			productReference = E2A6A6D01B4481EB00F3BEA8 /* NotenbuchTests.xctest */;
			productType = "com.apple.product-type.bundle.unit-test";
		};
/* End PBXNativeTarget section */

/* Begin PBXProject section */
		E2A6A6B01B4481EB00F3BEA8 /* Project object */ = {
			isa = PBXProject;
			attributes = {
				LastSwiftUpdateCheck = 0700;
				LastUpgradeCheck = 0700;
				ORGANIZATIONNAME = "Tom Kumschier";
				TargetAttributes = {
					E2A6A6B71B4481EB00F3BEA8 = {
						CreatedOnToolsVersion = 6.4;
						DevelopmentTeam = 8P6KQLE9GC;
					};
					E2A6A6CF1B4481EB00F3BEA8 = {
						CreatedOnToolsVersion = 6.4;
						TestTargetID = E2A6A6B71B4481EB00F3BEA8;
					};
				};
			};
			buildConfigurationList = E2A6A6B31B4481EB00F3BEA8 /* Build configuration list for PBXProject "Notenbuch" */;
			compatibilityVersion = "Xcode 3.2";
			developmentRegion = English;
			hasScannedForEncodings = 0;
			knownRegions = (
				en,
				Base,
			);
			mainGroup = E2A6A6AF1B4481EB00F3BEA8;
			productRefGroup = E2A6A6B91B4481EB00F3BEA8 /* Products */;
			projectDirPath = "";
			projectRoot = "";
			targets = (
				E2A6A6B71B4481EB00F3BEA8 /* Notenbuch */,
				E2A6A6CF1B4481EB00F3BEA8 /* NotenbuchTests */,
			);
		};
/* End PBXProject section */

/* Begin PBXResourcesBuildPhase section */
		E2A6A6B61B4481EB00F3BEA8 /* Resources */ = {
			isa = PBXResourcesBuildPhase;
			buildActionMask = 2147483647;
			files = (
				E2A6A6CB1B4481EB00F3BEA8 /* LaunchScreen.xib in Resources */,
				E2E8D9CB1B61015A00527481 /* Landing.storyboard in Resources */,
				E2E8D9D91B61023800527481 /* page2.png in Resources */,
				E2E8D9D81B61023800527481 /* page1.png in Resources */,
				E2E8D9DA1B61023800527481 /* page3.png in Resources */,
				E2E8D9DB1B61023800527481 /* page4.png in Resources */,
				E2A6A6C81B4481EB00F3BEA8 /* Images.xcassets in Resources */,
				E24A7D971B58348900473AD9 /* ToDo.plist in Resources */,
				E2E8D9DC1B61023800527481 /* page5.png in Resources */,
				E2A6A6F31B46E87200F3BEA8 /* Main.storyboard in Resources */,
			);
			runOnlyForDeploymentPostprocessing = 0;
		};
		E2A6A6CE1B4481EB00F3BEA8 /* Resources */ = {
			isa = PBXResourcesBuildPhase;
			buildActionMask = 2147483647;
			files = (
			);
			runOnlyForDeploymentPostprocessing = 0;
		};
/* End PBXResourcesBuildPhase section */

/* Begin PBXSourcesBuildPhase section */
		E2A6A6B41B4481EB00F3BEA8 /* Sources */ = {
			isa = PBXSourcesBuildPhase;
			buildActionMask = 2147483647;
			files = (
				E27957391B58F68700EB330F /* Notensatz+CoreDataProperties.swift in Sources */,
				E2AC786A1B4C2AF500CC0406 /* notenCell.swift in Sources */,
				E2E8D9D11B6101B000527481 /* ContentVC.swift in Sources */,
				E2A6A6F51B46E8A600F3BEA8 /* notenUbersicht.swift in Sources */,
				E2DDA01B1B49DAC4008839E3 /* AddNewFach.swift in Sources */,
				E2AC78731B4C3ABF00CC0406 /* Konstanten.swift in Sources */,
				E26C52E51B5ECA9700203563 /* ImpressumTV.swift in Sources */,
				E2A6A6E71B46ABF200F3BEA8 /* CalculateTVC.swift in Sources */,
				E2A6A6FA1B480CEB00F3BEA8 /* KleineFunktionen.swift in Sources */,
				E243A12B1B5957A5001ABF54 /* DetailTV.swift in Sources */,
				E2E8D9CE1B61018100527481 /* LandingPage.swift in Sources */,
				E2A6A6C31B4481EB00F3BEA8 /* ViewController.swift in Sources */,
				E27957351B58F68600EB330F /* Notenitem+CoreDataProperties.swift in Sources */,
				E27957361B58F68600EB330F /* Notenitem.swift in Sources */,
				E2A6A6C11B4481EB00F3BEA8 /* Notenbuch.xcdatamodeld in Sources */,
				E2A6A6BE1B4481EB00F3BEA8 /* AppDelegate.swift in Sources */,
				E279573A1B58F68700EB330F /* Notensatz.swift in Sources */,
				E2A6A6F81B480C0100F3BEA8 /* historyCalculateTVC.swift in Sources */,
				E29360891B511EA7009077D2 /* CustomSegue.swift in Sources */,
				E2A6A6E51B455AB700F3BEA8 /* Extension.swift in Sources */,
			);
			runOnlyForDeploymentPostprocessing = 0;
		};
		E2A6A6CC1B4481EB00F3BEA8 /* Sources */ = {
			isa = PBXSourcesBuildPhase;
			buildActionMask = 2147483647;
			files = (
				E2A6A6D71B4481EB00F3BEA8 /* NotenbuchTests.swift in Sources */,
			);
			runOnlyForDeploymentPostprocessing = 0;
		};
/* End PBXSourcesBuildPhase section */

/* Begin PBXTargetDependency section */
		E2A6A6D21B4481EB00F3BEA8 /* PBXTargetDependency */ = {
			isa = PBXTargetDependency;
			target = E2A6A6B71B4481EB00F3BEA8 /* Notenbuch */;
			targetProxy = E2A6A6D11B4481EB00F3BEA8 /* PBXContainerItemProxy */;
		};
/* End PBXTargetDependency section */

/* Begin PBXVariantGroup section */
		E2A6A6C91B4481EB00F3BEA8 /* LaunchScreen.xib */ = {
			isa = PBXVariantGroup;
			children = (
				E2A6A6CA1B4481EB00F3BEA8 /* Base */,
			);
			name = LaunchScreen.xib;
			sourceTree = "<group>";
		};
/* End PBXVariantGroup section */

/* Begin XCBuildConfiguration section */
		E2A6A6D81B4481EB00F3BEA8 /* Debug */ = {
			isa = XCBuildConfiguration;
			buildSettings = {
				ALWAYS_SEARCH_USER_PATHS = NO;
				CLANG_CXX_LANGUAGE_STANDARD = "gnu++0x";
				CLANG_CXX_LIBRARY = "libc++";
				CLANG_ENABLE_MODULES = YES;
				CLANG_ENABLE_OBJC_ARC = YES;
				CLANG_WARN_BOOL_CONVERSION = YES;
				CLANG_WARN_CONSTANT_CONVERSION = YES;
				CLANG_WARN_DIRECT_OBJC_ISA_USAGE = YES_ERROR;
				CLANG_WARN_EMPTY_BODY = YES;
				CLANG_WARN_ENUM_CONVERSION = YES;
				CLANG_WARN_INT_CONVERSION = YES;
				CLANG_WARN_OBJC_ROOT_CLASS = YES_ERROR;
				CLANG_WARN_UNREACHABLE_CODE = YES;
				CLANG_WARN__DUPLICATE_METHOD_MATCH = YES;
				"CODE_SIGN_IDENTITY[sdk=iphoneos*]" = "iPhone Developer";
				COPY_PHASE_STRIP = NO;
				DEBUG_INFORMATION_FORMAT = "dwarf-with-dsym";
				ENABLE_STRICT_OBJC_MSGSEND = YES;
				ENABLE_TESTABILITY = YES;
				GCC_C_LANGUAGE_STANDARD = gnu99;
				GCC_DYNAMIC_NO_PIC = NO;
				GCC_NO_COMMON_BLOCKS = YES;
				GCC_OPTIMIZATION_LEVEL = 0;
				GCC_PREPROCESSOR_DEFINITIONS = (
					"DEBUG=1",
					"$(inherited)",
				);
				GCC_SYMBOLS_PRIVATE_EXTERN = NO;
				GCC_WARN_64_TO_32_BIT_CONVERSION = YES;
				GCC_WARN_ABOUT_RETURN_TYPE = YES_ERROR;
				GCC_WARN_UNDECLARED_SELECTOR = YES;
				GCC_WARN_UNINITIALIZED_AUTOS = YES_AGGRESSIVE;
				GCC_WARN_UNUSED_FUNCTION = YES;
				GCC_WARN_UNUSED_VARIABLE = YES;
				IPHONEOS_DEPLOYMENT_TARGET = 8.4;
				MTL_ENABLE_DEBUG_INFO = YES;
				ONLY_ACTIVE_ARCH = YES;
				SDKROOT = iphoneos;
				SWIFT_OPTIMIZATION_LEVEL = "-Onone";
			};
			name = Debug;
		};
		E2A6A6D91B4481EB00F3BEA8 /* Release */ = {
			isa = XCBuildConfiguration;
			buildSettings = {
				ALWAYS_SEARCH_USER_PATHS = NO;
				CLANG_CXX_LANGUAGE_STANDARD = "gnu++0x";
				CLANG_CXX_LIBRARY = "libc++";
				CLANG_ENABLE_MODULES = YES;
				CLANG_ENABLE_OBJC_ARC = YES;
				CLANG_WARN_BOOL_CONVERSION = YES;
				CLANG_WARN_CONSTANT_CONVERSION = YES;
				CLANG_WARN_DIRECT_OBJC_ISA_USAGE = YES_ERROR;
				CLANG_WARN_EMPTY_BODY = YES;
				CLANG_WARN_ENUM_CONVERSION = YES;
				CLANG_WARN_INT_CONVERSION = YES;
				CLANG_WARN_OBJC_ROOT_CLASS = YES_ERROR;
				CLANG_WARN_UNREACHABLE_CODE = YES;
				CLANG_WARN__DUPLICATE_METHOD_MATCH = YES;
				"CODE_SIGN_IDENTITY[sdk=iphoneos*]" = "iPhone Developer";
				COPY_PHASE_STRIP = NO;
				DEBUG_INFORMATION_FORMAT = "dwarf-with-dsym";
				ENABLE_NS_ASSERTIONS = NO;
				ENABLE_STRICT_OBJC_MSGSEND = YES;
				GCC_C_LANGUAGE_STANDARD = gnu99;
				GCC_NO_COMMON_BLOCKS = YES;
				GCC_WARN_64_TO_32_BIT_CONVERSION = YES;
				GCC_WARN_ABOUT_RETURN_TYPE = YES_ERROR;
				GCC_WARN_UNDECLARED_SELECTOR = YES;
				GCC_WARN_UNINITIALIZED_AUTOS = YES_AGGRESSIVE;
				GCC_WARN_UNUSED_FUNCTION = YES;
				GCC_WARN_UNUSED_VARIABLE = YES;
				IPHONEOS_DEPLOYMENT_TARGET = 8.4;
				MTL_ENABLE_DEBUG_INFO = NO;
				SDKROOT = iphoneos;
				VALIDATE_PRODUCT = YES;
			};
			name = Release;
		};
		E2A6A6DB1B4481EB00F3BEA8 /* Debug */ = {
			isa = XCBuildConfiguration;
			buildSettings = {
				ASSETCATALOG_COMPILER_APPICON_NAME = AppIcon;
				CLANG_ENABLE_MODULES = YES;
				CODE_SIGN_IDENTITY = "iPhone Developer";
				"CODE_SIGN_IDENTITY[sdk=iphoneos*]" = "iPhone Developer";
				INFOPLIST_FILE = Notenbuch/Info.plist;
				LD_RUNPATH_SEARCH_PATHS = "$(inherited) @executable_path/Frameworks";
				PRODUCT_BUNDLE_IDENTIFIER = "me.angelicornis.$(PRODUCT_NAME:rfc1034identifier)";
				PRODUCT_NAME = "$(TARGET_NAME)";
				PROVISIONING_PROFILE = "";
				SWIFT_OBJC_BRIDGING_HEADER = "Notenbuch/Notenbuch-Bridging-Header.h";
				SWIFT_OPTIMIZATION_LEVEL = "-Onone";
			};
			name = Debug;
		};
		E2A6A6DC1B4481EB00F3BEA8 /* Release */ = {
			isa = XCBuildConfiguration;
			buildSettings = {
				ASSETCATALOG_COMPILER_APPICON_NAME = AppIcon;
				CLANG_ENABLE_MODULES = YES;
				CODE_SIGN_IDENTITY = "iPhone Developer";
				"CODE_SIGN_IDENTITY[sdk=iphoneos*]" = "iPhone Developer";
				INFOPLIST_FILE = Notenbuch/Info.plist;
				LD_RUNPATH_SEARCH_PATHS = "$(inherited) @executable_path/Frameworks";
				PRODUCT_BUNDLE_IDENTIFIER = "me.angelicornis.$(PRODUCT_NAME:rfc1034identifier)";
				PRODUCT_NAME = "$(TARGET_NAME)";
				PROVISIONING_PROFILE = "";
				SWIFT_OBJC_BRIDGING_HEADER = "Notenbuch/Notenbuch-Bridging-Header.h";
			};
			name = Release;
		};
		E2A6A6DE1B4481EB00F3BEA8 /* Debug */ = {
			isa = XCBuildConfiguration;
			buildSettings = {
				BUNDLE_LOADER = "$(TEST_HOST)";
				FRAMEWORK_SEARCH_PATHS = (
					"$(SDKROOT)/Developer/Library/Frameworks",
					"$(inherited)",
				);
				GCC_PREPROCESSOR_DEFINITIONS = (
					"DEBUG=1",
					"$(inherited)",
				);
				INFOPLIST_FILE = NotenbuchTests/Info.plist;
				LD_RUNPATH_SEARCH_PATHS = "$(inherited) @executable_path/Frameworks @loader_path/Frameworks";
				PRODUCT_BUNDLE_IDENTIFIER = "me.angelicornis.$(PRODUCT_NAME:rfc1034identifier)";
				PRODUCT_NAME = "$(TARGET_NAME)";
				TEST_HOST = "$(BUILT_PRODUCTS_DIR)/Notenbuch.app/Notenbuch";
			};
			name = Debug;
		};
		E2A6A6DF1B4481EB00F3BEA8 /* Release */ = {
			isa = XCBuildConfiguration;
			buildSettings = {
				BUNDLE_LOADER = "$(TEST_HOST)";
				FRAMEWORK_SEARCH_PATHS = (
					"$(SDKROOT)/Developer/Library/Frameworks",
					"$(inherited)",
				);
				INFOPLIST_FILE = NotenbuchTests/Info.plist;
				LD_RUNPATH_SEARCH_PATHS = "$(inherited) @executable_path/Frameworks @loader_path/Frameworks";
				PRODUCT_BUNDLE_IDENTIFIER = "me.angelicornis.$(PRODUCT_NAME:rfc1034identifier)";
				PRODUCT_NAME = "$(TARGET_NAME)";
				TEST_HOST = "$(BUILT_PRODUCTS_DIR)/Notenbuch.app/Notenbuch";
			};
			name = Release;
		};
/* End XCBuildConfiguration section */

/* Begin XCConfigurationList section */
		E2A6A6B31B4481EB00F3BEA8 /* Build configuration list for PBXProject "Notenbuch" */ = {
			isa = XCConfigurationList;
			buildConfigurations = (
				E2A6A6D81B4481EB00F3BEA8 /* Debug */,
				E2A6A6D91B4481EB00F3BEA8 /* Release */,
			);
			defaultConfigurationIsVisible = 0;
			defaultConfigurationName = Release;
		};
		E2A6A6DA1B4481EB00F3BEA8 /* Build configuration list for PBXNativeTarget "Notenbuch" */ = {
			isa = XCConfigurationList;
			buildConfigurations = (
				E2A6A6DB1B4481EB00F3BEA8 /* Debug */,
				E2A6A6DC1B4481EB00F3BEA8 /* Release */,
			);
			defaultConfigurationIsVisible = 0;
			defaultConfigurationName = Release;
		};
		E2A6A6DD1B4481EB00F3BEA8 /* Build configuration list for PBXNativeTarget "NotenbuchTests" */ = {
			isa = XCConfigurationList;
			buildConfigurations = (
				E2A6A6DE1B4481EB00F3BEA8 /* Debug */,
				E2A6A6DF1B4481EB00F3BEA8 /* Release */,
			);
			defaultConfigurationIsVisible = 0;
			defaultConfigurationName = Release;
		};
/* End XCConfigurationList section */

/* Begin XCVersionGroup section */
		E2A6A6BF1B4481EB00F3BEA8 /* Notenbuch.xcdatamodeld */ = {
			isa = XCVersionGroup;
			children = (
				E2A6A6C01B4481EB00F3BEA8 /* Notenbuch.xcdatamodel */,
			);
			currentVersion = E2A6A6C01B4481EB00F3BEA8 /* Notenbuch.xcdatamodel */;
			path = Notenbuch.xcdatamodeld;
			sourceTree = "<group>";
			versionGroupType = wrapper.xcdatamodel;
		};
/* End XCVersionGroup section */
	};
	rootObject = E2A6A6B01B4481EB00F3BEA8 /* Project object */;
}
